
Microsoft Visual Studio Solution File, Format Version 12.00
# Visual Studio 15
VisualStudioVersion = 15.0.26730.15
MinimumVisualStudioVersion = 10.0.40219.1
Project("{FAE04EC0-301F-11D3-BF4B-00C04F79EFBC}") = "GetDataAPI", "GetDataAPI\GetDataAPI.csproj", "{818AAC2B-C3CD-47C3-A621-DE29DF9082A9}"
EndProject
Project("{FAE04EC0-301F-11D3-BF4B-00C04F79EFBC}") = "GetVemcoAPI", "GetVemcoAPI\GetVemcoAPI.csproj", "{D1ADED67-2A45-4014-83FB-7E78E0858D6A}"
EndProject
Project("{FAE04EC0-301F-11D3-BF4B-00C04F79EFBC}") = "ModelHelper", "ModelHelper\ModelHelper.csproj", "{CD46FCC6-B154-4BEB-A067-73C6C6B48B43}"
EndProject
Global
	GlobalSection(SolutionConfigurationPlatforms) = preSolution
		Debug|Any CPU = Debug|Any CPU
		Release|Any CPU = Release|Any CPU
	EndGlobalSection
	GlobalSection(ProjectConfigurationPlatforms) = postSolution
		{818AAC2B-C3CD-47C3-A621-DE29DF9082A9}.Debug|Any CPU.ActiveCfg = Debug|Any CPU
		{818AAC2B-C3CD-47C3-A621-DE29DF9082A9}.Debug|Any CPU.Build.0 = Debug|Any CPU
		{818AAC2B-C3CD-47C3-A621-DE29DF9082A9}.Release|Any CPU.ActiveCfg = Release|Any CPU
		{818AAC2B-C3CD-47C3-A621-DE29DF9082A9}.Release|Any CPU.Build.0 = Release|Any CPU
		{D1ADED67-2A45-4014-83FB-7E78E0858D6A}.Debug|Any CPU.ActiveCfg = Debug|Any CPU
		{D1ADED67-2A45-4014-83FB-7E78E0858D6A}.Debug|Any CPU.Build.0 = Debug|Any CPU
		{D1ADED67-2A45-4014-83FB-7E78E0858D6A}.Release|Any CPU.ActiveCfg = Release|Any CPU
		{D1ADED67-2A45-4014-83FB-7E78E0858D6A}.Release|Any CPU.Build.0 = Release|Any CPU
		{CD46FCC6-B154-4BEB-A067-73C6C6B48B43}.Debug|Any CPU.ActiveCfg = Debug|Any CPU
		{CD46FCC6-B154-4BEB-A067-73C6C6B48B43}.Debug|Any CPU.Build.0 = Debug|Any CPU
		{CD46FCC6-B154-4BEB-A067-73C6C6B48B43}.Release|Any CPU.ActiveCfg = Release|Any CPU
		{CD46FCC6-B154-4BEB-A067-73C6C6B48B43}.Release|Any CPU.Build.0 = Release|Any CPU
	EndGlobalSection
	GlobalSection(SolutionProperties) = preSolution
		HideSolutionNode = FALSE
	EndGlobalSection
	GlobalSection(ExtensibilityGlobals) = postSolution
		SolutionGuid = {E825857D-7F2B-433B-9108-81841D267E02}
	EndGlobalSection
EndGlobal
